Microsoft Visual Studio Solution File, Format Version 12.00
# Visual Studio Version 17
VisualStudioVersion = 17.7.34221.43
MinimumVisualStudioVersion = 10.0.40219.1
Project("{FAE04EC0-301F-11D3-BF4B-00C04F79EFBC}") = "Mhora", "Mhora.csproj", "{C88D761E-10B2-4E19-A330-E17B71AD8449}"
EndProject
Project("{9A19103F-16F7-4668-BE54-9A1E7A4F7556}") = "SujaySarma.Data.Files.TokenLimitedFiles", "Lib\SujaySarma.Data.Files.TokenLimitedFiles\SujaySarma.Data.Files.TokenLimitedFiles.csproj", "{C2965B29-71FD-4C7C-9CC8-09205DD3D6B1}"
EndProject
Project("{9A19103F-16F7-4668-BE54-9A1E7A4F7556}") = "LoggingModule", "Lib\LoggingModule\src\LoggingModule\LoggingModule.csproj", "{981BCD48-5EBF-42E8-93E9-7601F71282E1}"
EndProject
Global
	GlobalSection(SolutionConfigurationPlatforms) = preSolution
		Debug|Any CPU = Debug|Any CPU
		Debug|x64 = Debug|x64
		Debug|x86 = Debug|x86
		Release|Any CPU = Release|Any CPU
		Release|x64 = Release|x64
		Release|x86 = Release|x86
	EndGlobalSection
	GlobalSection(ProjectConfigurationPlatforms) = postSolution
		{C88D761E-10B2-4E19-A330-E17B71AD8449}.Debug|Any CPU.ActiveCfg = Debug|x86
		{C88D761E-10B2-4E19-A330-E17B71AD8449}.Debug|Any CPU.Build.0 = Debug|x86
		{C88D761E-10B2-4E19-A330-E17B71AD8449}.Debug|x64.ActiveCfg = Debug|x64
		{C88D761E-10B2-4E19-A330-E17B71AD8449}.Debug|x64.Build.0 = Debug|x64
		{C88D761E-10B2-4E19-A330-E17B71AD8449}.Debug|x86.ActiveCfg = Debug|x64
		{C88D761E-10B2-4E19-A330-E17B71AD8449}.Debug|x86.Build.0 = Debug|x64
		{C88D761E-10B2-4E19-A330-E17B71AD8449}.Release|Any CPU.ActiveCfg = Release|x86
		{C88D761E-10B2-4E19-A330-E17B71AD8449}.Release|Any CPU.Build.0 = Release|x86
		{C88D761E-10B2-4E19-A330-E17B71AD8449}.Release|x64.ActiveCfg = Release|x64
		{C88D761E-10B2-4E19-A330-E17B71AD8449}.Release|x64.Build.0 = Release|x64
		{C88D761E-10B2-4E19-A330-E17B71AD8449}.Release|x86.ActiveCfg = Release|x86
		{C88D761E-10B2-4E19-A330-E17B71AD8449}.Release|x86.Build.0 = Release|x86
		{C2965B29-71FD-4C7C-9CC8-09205DD3D6B1}.Debug|Any CPU.ActiveCfg = Debug|Any CPU
		{C2965B29-71FD-4C7C-9CC8-09205DD3D6B1}.Debug|Any CPU.Build.0 = Debug|Any CPU
		{C2965B29-71FD-4C7C-9CC8-09205DD3D6B1}.Debug|x64.ActiveCfg = Debug|Any CPU
		{C2965B29-71FD-4C7C-9CC8-09205DD3D6B1}.Debug|x64.Build.0 = Debug|Any CPU
		{C2965B29-71FD-4C7C-9CC8-09205DD3D6B1}.Debug|x86.ActiveCfg = Debug|Any CPU
		{C2965B29-71FD-4C7C-9CC8-09205DD3D6B1}.Debug|x86.Build.0 = Debug|Any CPU
		{C2965B29-71FD-4C7C-9CC8-09205DD3D6B1}.Release|Any CPU.ActiveCfg = Release|Any CPU
		{C2965B29-71FD-4C7C-9CC8-09205DD3D6B1}.Release|Any CPU.Build.0 = Release|Any CPU
		{C2965B29-71FD-4C7C-9CC8-09205DD3D6B1}.Release|x64.ActiveCfg = Release|Any CPU
		{C2965B29-71FD-4C7C-9CC8-09205DD3D6B1}.Release|x64.Build.0 = Release|Any CPU
		{C2965B29-71FD-4C7C-9CC8-09205DD3D6B1}.Release|x86.ActiveCfg = Release|Any CPU
		{C2965B29-71FD-4C7C-9CC8-09205DD3D6B1}.Release|x86.Build.0 = Release|Any CPU
		{981BCD48-5EBF-42E8-93E9-7601F71282E1}.Debug|Any CPU.ActiveCfg = Debug|Any CPU
		{981BCD48-5EBF-42E8-93E9-7601F71282E1}.Debug|Any CPU.Build.0 = Debug|Any CPU
		{981BCD48-5EBF-42E8-93E9-7601F71282E1}.Debug|x64.ActiveCfg = Debug|Any CPU
		{981BCD48-5EBF-42E8-93E9-7601F71282E1}.Debug|x64.Build.0 = Debug|Any CPU
		{981BCD48-5EBF-42E8-93E9-7601F71282E1}.Debug|x86.ActiveCfg = Debug|Any CPU
		{981BCD48-5EBF-42E8-93E9-7601F71282E1}.Debug|x86.Build.0 = Debug|Any CPU
		{981BCD48-5EBF-42E8-93E9-7601F71282E1}.Release|Any CPU.ActiveCfg = Release|Any CPU
		{981BCD48-5EBF-42E8-93E9-7601F71282E1}.Release|Any CPU.Build.0 = Release|Any CPU
		{981BCD48-5EBF-42E8-93E9-7601F71282E1}.Release|x64.ActiveCfg = Release|Any CPU
		{981BCD48-5EBF-42E8-93E9-7601F71282E1}.Release|x64.Build.0 = Release|Any CPU
		{981BCD48-5EBF-42E8-93E9-7601F71282E1}.Release|x86.ActiveCfg = Release|Any CPU
		{981BCD48-5EBF-42E8-93E9-7601F71282E1}.Release|x86.Build.0 = Release|Any CPU
	EndGlobalSection
	GlobalSection(SolutionProperties) = preSolution
		HideSolutionNode = FALSE
	EndGlobalSection
	GlobalSection(ExtensibilityGlobals) = postSolution
		SolutionGuid = {1F763046-9C6B-48E1-AD2A-C021DB29D3B0}
	EndGlobalSection
EndGlobal
