Microsoft Visual Studio Solution File, Format Version 12.00
# Visual Studio Version 17
VisualStudioVersion = 17.7.34221.43
MinimumVisualStudioVersion = 10.0.40219.1
Project("{FAE04EC0-301F-11D3-BF4B-00C04F79EFBC}") = "mhora", "mhora.csproj", "{C88D761E-10B2-4E19-A330-E17B71AD8449}"
EndProject
Global
	GlobalSection(SolutionConfigurationPlatforms) = preSolution
		Debug|Any CPU = Debug|Any CPU
		Release|Any CPU = Release|Any CPU
	EndGlobalSection
	GlobalSection(ProjectConfigurationPlatforms) = postSolution
		{C88D761E-10B2-4E19-A330-E17B71AD8449}.Debug|Any CPU.ActiveCfg = Debug|x86
		{C88D761E-10B2-4E19-A330-E17B71AD8449}.Debug|Any CPU.Build.0 = Debug|x86
		{C88D761E-10B2-4E19-A330-E17B71AD8449}.Release|Any CPU.ActiveCfg = Release|x86
		{C88D761E-10B2-4E19-A330-E17B71AD8449}.Release|Any CPU.Build.0 = Release|x86
	EndGlobalSection
	GlobalSection(SolutionProperties) = preSolution
		HideSolutionNode = FALSE
	EndGlobalSection
	GlobalSection(ExtensibilityGlobals) = postSolution
		SolutionGuid = {1F763046-9C6B-48E1-AD2A-C021DB29D3B0}
	EndGlobalSection
EndGlobal
